// !$*UTF8*$!
{
	archiveVersion = 1;
	classes = {
	};
	objectVersion = 56;
	objects = {

/* Begin PBXBuildFile section */
		F97E0A292BAB99ED0088AA3E /* StartApp.swift in Sources */ = {isa = PBXBuildFile; fileRef = F97E0A282BAB99ED0088AA3E /* StartApp.swift */; };
		F97E0A2B2BAB99ED0088AA3E /* ContentView.swift in Sources */ = {isa = PBXBuildFile; fileRef = F97E0A2A2BAB99ED0088AA3E /* ContentView.swift */; };
		F97E0A2D2BAB99ED0088AA3E /* Item.swift in Sources */ = {isa = PBXBuildFile; fileRef = F97E0A2C2BAB99ED0088AA3E /* Item.swift */; };
		F97E0A2F2BAB99EE0088AA3E /* Assets.xcassets in Resources */ = {isa = PBXBuildFile; fileRef = F97E0A2E2BAB99EE0088AA3E /* Assets.xcassets */; };
		F97E0A322BAB99EE0088AA3E /* Preview Assets.xcassets in Resources */ = {isa = PBXBuildFile; fileRef = F97E0A312BAB99EE0088AA3E /* Preview Assets.xcassets */; };
		F97E0A3C2BAB99EE0088AA3E /* StartTests.swift in Sources */ = {isa = PBXBuildFile; fileRef = F97E0A3B2BAB99EE0088AA3E /* StartTests.swift */; };
		F97E0A462BAB99EE0088AA3E /* StartUITests.swift in Sources */ = {isa = PBXBuildFile; fileRef = F97E0A452BAB99EE0088AA3E /* StartUITests.swift */; };
		F97E0A482BAB99EE0088AA3E /* StartUITestsLaunchTests.swift in Sources */ = {isa = PBXBuildFile; fileRef = F97E0A472BAB99EE0088AA3E /* StartUITestsLaunchTests.swift */; };
/* End PBXBuildFile section */

/* Begin PBXContainerItemProxy section */
		F97E0A382BAB99EE0088AA3E /* PBXContainerItemProxy */ = {
			isa = PBXContainerItemProxy;
			containerPortal = F97E0A1D2BAB99ED0088AA3E /* Project object */;
			proxyType = 1;
			remoteGlobalIDString = F97E0A242BAB99ED0088AA3E;
			remoteInfo = Start;
		};
		F97E0A422BAB99EE0088AA3E /* PBXContainerItemProxy */ = {
			isa = PBXContainerItemProxy;
			containerPortal = F97E0A1D2BAB99ED0088AA3E /* Project object */;
			proxyType = 1;
			remoteGlobalIDString = F97E0A242BAB99ED0088AA3E;
			remoteInfo = Start;
		};
/* End PBXContainerItemProxy section */

/* Begin PBXFileReference section */
		F97E0A252BAB99ED0088AA3E /* Start.app */ = {isa = PBXFileReference; explicitFileType = wrapper.application; includeInIndex = 0; path = Start.app; sourceTree = BUILT_PRODUCTS_DIR; };
		F97E0A282BAB99ED0088AA3E /* StartApp.swift */ = {isa = PBXFileReference; lastKnownFileType = sourcecode.swift; path = StartApp.swift; sourceTree = "<group>"; };
		F97E0A2A2BAB99ED0088AA3E /* ContentView.swift */ = {isa = PBXFileReference; lastKnownFileType = sourcecode.swift; path = ContentView.swift; sourceTree = "<group>"; };
		F97E0A2C2BAB99ED0088AA3E /* Item.swift */ = {isa = PBXFileReference; lastKnownFileType = sourcecode.swift; path = Item.swift; sourceTree = "<group>"; };
		F97E0A2E2BAB99EE0088AA3E /* Assets.xcassets */ = {isa = PBXFileReference; lastKnownFileType = folder.assetcatalog; path = Assets.xcassets; sourceTree = "<group>"; };
		F97E0A312BAB99EE0088AA3E /* Preview Assets.xcassets */ = {isa = PBXFileReference; lastKnownFileType = folder.assetcatalog; path = "Preview Assets.xcassets"; sourceTree = "<group>"; };
		F97E0A372BAB99EE0088AA3E /* StartTests.xctest */ = {isa = PBXFileReference; explicitFileType = wrapper.cfbundle; includeInIndex = 0; path = StartTests.xctest; sourceTree = BUILT_PRODUCTS_DIR; };
		F97E0A3B2BAB99EE0088AA3E /* StartTests.swift */ = {isa = PBXFileReference; lastKnownFileType = sourcecode.swift; path = StartTests.swift; sourceTree = "<group>"; };
		F97E0A412BAB99EE0088AA3E /* StartUITests.xctest */ = {isa = PBXFileReference; explicitFileType = wrapper.cfbundle; includeInIndex = 0; path = StartUITests.xctest; sourceTree = BUILT_PRODUCTS_DIR; };
		F97E0A452BAB99EE0088AA3E /* StartUITests.swift */ = {isa = PBXFileReference; lastKnownFileType = sourcecode.swift; path = StartUITests.swift; sourceTree = "<group>"; };
		F97E0A472BAB99EE0088AA3E /* StartUITestsLaunchTests.swift */ = {isa = PBXFileReference; lastKnownFileType = sourcecode.swift; path = StartUITestsLaunchTests.swift; sourceTree = "<group>"; };
/* End PBXFileReference section */

/* Begin PBXFrameworksBuildPhase section */
		F97E0A222BAB99ED0088AA3E /* Frameworks */ = {
			isa = PBXFrameworksBuildPhase;
			buildActionMask = 2147483647;
			files = (
			);
			runOnlyForDeploymentPostprocessing = 0;
		};
		F97E0A342BAB99EE0088AA3E /* Frameworks */ = {
			isa = PBXFrameworksBuildPhase;
			buildActionMask = 2147483647;
			files = (
			);
			runOnlyForDeploymentPostprocessing = 0;
		};
		F97E0A3E2BAB99EE0088AA3E /* Frameworks */ = {
			isa = PBXFrameworksBuildPhase;
			buildActionMask = 2147483647;
			files = (
			);
			runOnlyForDeploymentPostprocessing = 0;
		};
/* End PBXFrameworksBuildPhase section */

/* Begin PBXGroup section */
		F97E0A1C2BAB99ED0088AA3E = {
			isa = PBXGroup;
			children = (
				F97E0A272BAB99ED0088AA3E /* Start */,
				F97E0A3A2BAB99EE0088AA3E /* StartTests */,
				F97E0A442BAB99EE0088AA3E /* StartUITests */,
				F97E0A262BAB99ED0088AA3E /* Products */,
			);
			sourceTree = "<group>";
		};
		F97E0A262BAB99ED0088AA3E /* Products */ = {
			isa = PBXGroup;
			children = (
				F97E0A252BAB99ED0088AA3E /* Start.app */,
				F97E0A372BAB99EE0088AA3E /* StartTests.xctest */,
				F97E0A412BAB99EE0088AA3E /* StartUITests.xctest */,
			);
			name = Products;
			sourceTree = "<group>";
		};
		F97E0A272BAB99ED0088AA3E /* Start */ = {
			isa = PBXGroup;
			children = (
				F97E0A282BAB99ED0088AA3E /* StartApp.swift */,
				F97E0A2A2BAB99ED0088AA3E /* ContentView.swift */,
				F97E0A2C2BAB99ED0088AA3E /* Item.swift */,
				F97E0A2E2BAB99EE0088AA3E /* Assets.xcassets */,
				F97E0A302BAB99EE0088AA3E /* Preview Content */,
			);
			path = Start;
			sourceTree = "<group>";
		};
		F97E0A302BAB99EE0088AA3E /* Preview Content */ = {
			isa = PBXGroup;
			children = (
				F97E0A312BAB99EE0088AA3E /* Preview Assets.xcassets */,
			);
			path = "Preview Content";
			sourceTree = "<group>";
		};
		F97E0A3A2BAB99EE0088AA3E /* StartTests */ = {
			isa = PBXGroup;
			children = (
				F97E0A3B2BAB99EE0088AA3E /* StartTests.swift */,
			);
			path = StartTests;
			sourceTree = "<group>";
		};
		F97E0A442BAB99EE0088AA3E /* StartUITests */ = {
			isa = PBXGroup;
			children = (
				F97E0A452BAB99EE0088AA3E /* StartUITests.swift */,
				F97E0A472BAB99EE0088AA3E /* StartUITestsLaunchTests.swift */,
			);
			path = StartUITests;
			sourceTree = "<group>";
		};
/* End PBXGroup section */

/* Begin PBXNativeTarget section */
		F97E0A242BAB99ED0088AA3E /* Start */ = {
			isa = PBXNativeTarget;
			buildConfigurationList = F97E0A4B2BAB99EE0088AA3E /* Build configuration list for PBXNativeTarget "Start" */;
			buildPhases = (
				F97E0A212BAB99ED0088AA3E /* Sources */,
				F97E0A222BAB99ED0088AA3E /* Frameworks */,
				F97E0A232BAB99ED0088AA3E /* Resources */,
			);
			buildRules = (
			);
			dependencies = (
			);
			name = Start;
			productName = Start;
			productReference = F97E0A252BAB99ED0088AA3E /* Start.app */;
			productType = "com.apple.product-type.application";
		};
		F97E0A362BAB99EE0088AA3E /* StartTests */ = {
			isa = PBXNativeTarget;
			buildConfigurationList = F97E0A4E2BAB99EE0088AA3E /* Build configuration list for PBXNativeTarget "StartTests" */;
			buildPhases = (
				F97E0A332BAB99EE0088AA3E /* Sources */,
				F97E0A342BAB99EE0088AA3E /* Frameworks */,
				F97E0A352BAB99EE0088AA3E /* Resources */,
			);
			buildRules = (
			);
			dependencies = (
				F97E0A392BAB99EE0088AA3E /* PBXTargetDependency */,
			);
			name = StartTests;
			productName = StartTests;
			productReference = F97E0A372BAB99EE0088AA3E /* StartTests.xctest */;
			productType = "com.apple.product-type.bundle.unit-test";
		};
		F97E0A402BAB99EE0088AA3E /* StartUITests */ = {
			isa = PBXNativeTarget;
			buildConfigurationList = F97E0A512BAB99EE0088AA3E /* Build configuration list for PBXNativeTarget "StartUITests" */;
			buildPhases = (
				F97E0A3D2BAB99EE0088AA3E /* Sources */,
				F97E0A3E2BAB99EE0088AA3E /* Frameworks */,
				F97E0A3F2BAB99EE0088AA3E /* Resources */,
			);
			buildRules = (
			);
			dependencies = (
				F97E0A432BAB99EE0088AA3E /* PBXTargetDependency */,
			);
			name = StartUITests;
			productName = StartUITests;
			productReference = F97E0A412BAB99EE0088AA3E /* StartUITests.xctest */;
			productType = "com.apple.product-type.bundle.ui-testing";
		};
/* End PBXNativeTarget section */

/* Begin PBXProject section */
		F97E0A1D2BAB99ED0088AA3E /* Project object */ = {
			isa = PBXProject;
			attributes = {
				BuildIndependentTargetsInParallel = 1;
				LastSwiftUpdateCheck = 1500;
				LastUpgradeCheck = 1500;
				TargetAttributes = {
					F97E0A242BAB99ED0088AA3E = {
						CreatedOnToolsVersion = 15.0;
					};
					F97E0A362BAB99EE0088AA3E = {
						CreatedOnToolsVersion = 15.0;
						TestTargetID = F97E0A242BAB99ED0088AA3E;
					};
					F97E0A402BAB99EE0088AA3E = {
						CreatedOnToolsVersion = 15.0;
						TestTargetID = F97E0A242BAB99ED0088AA3E;
					};
				};
			};
			buildConfigurationList = F97E0A202BAB99ED0088AA3E /* Build configuration list for PBXProject "Start" */;
			compatibilityVersion = "Xcode 14.0";
			developmentRegion = en;
			hasScannedForEncodings = 0;
			knownRegions = (
				en,
				Base,
			);
			mainGroup = F97E0A1C2BAB99ED0088AA3E;
			productRefGroup = F97E0A262BAB99ED0088AA3E /* Products */;
			projectDirPath = "";
			projectRoot = "";
			targets = (
				F97E0A242BAB99ED0088AA3E /* Start */,
				F97E0A362BAB99EE0088AA3E /* StartTests */,
				F97E0A402BAB99EE0088AA3E /* StartUITests */,
			);
		};
/* End PBXProject section */

/* Begin PBXResourcesBuildPhase section */
		F97E0A232BAB99ED0088AA3E /* Resources */ = {
			isa = PBXResourcesBuildPhase;
			buildActionMask = 2147483647;
			files = (
				F97E0A322BAB99EE0088AA3E /* Preview Assets.xcassets in Resources */,
				F97E0A2F2BAB99EE0088AA3E /* Assets.xcassets in Resources */,
			);
			runOnlyForDeploymentPostprocessing = 0;
		};
		F97E0A352BAB99EE0088AA3E /* Resources */ = {
			isa = PBXResourcesBuildPhase;
			buildActionMask = 2147483647;
			files = (
			);
			runOnlyForDeploymentPostprocessing = 0;
		};
		F97E0A3F2BAB99EE0088AA3E /* Resources */ = {
			isa = PBXResourcesBuildPhase;
			buildActionMask = 2147483647;
			files = (
			);
			runOnlyForDeploymentPostprocessing = 0;
		};
/* End PBXResourcesBuildPhase section */

/* Begin PBXSourcesBuildPhase section */
		F97E0A212BAB99ED0088AA3E /* Sources */ = {
			isa = PBXSourcesBuildPhase;
			buildActionMask = 2147483647;
			files = (
				F97E0A2B2BAB99ED0088AA3E /* ContentView.swift in Sources */,
				F97E0A2D2BAB99ED0088AA3E /* Item.swift in Sources */,
				F97E0A292BAB99ED0088AA3E /* StartApp.swift in Sources */,
			);
			runOnlyForDeploymentPostprocessing = 0;
		};
		F97E0A332BAB99EE0088AA3E /* Sources */ = {
			isa = PBXSourcesBuildPhase;
			buildActionMask = 2147483647;
			files = (
				F97E0A3C2BAB99EE0088AA3E /* StartTests.swift in Sources */,
			);
			runOnlyForDeploymentPostprocessing = 0;
		};
		F97E0A3D2BAB99EE0088AA3E /* Sources */ = {
			isa = PBXSourcesBuildPhase;
			buildActionMask = 2147483647;
			files = (
				F97E0A462BAB99EE0088AA3E /* StartUITests.swift in Sources */,
				F97E0A482BAB99EE0088AA3E /* StartUITestsLaunchTests.swift in Sources */,
			);
			runOnlyForDeploymentPostprocessing = 0;
		};
/* End PBXSourcesBuildPhase section */

/* Begin PBXTargetDependency section */
		F97E0A392BAB99EE0088AA3E /* PBXTargetDependency */ = {
			isa = PBXTargetDependency;
			target = F97E0A242BAB99ED0088AA3E /* Start */;
			targetProxy = F97E0A382BAB99EE0088AA3E /* PBXContainerItemProxy */;
		};
		F97E0A432BAB99EE0088AA3E /* PBXTargetDependency */ = {
			isa = PBXTargetDependency;
			target = F97E0A242BAB99ED0088AA3E /* Start */;
			targetProxy = F97E0A422BAB99EE0088AA3E /* PBXContainerItemProxy */;
		};
/* End PBXTargetDependency section */

/* Begin XCBuildConfiguration section */
		F97E0A492BAB99EE0088AA3E /* Debug */ = {
			isa = XCBuildConfiguration;
			buildSettings = {
				ALWAYS_SEARCH_USER_PATHS = NO;
				ASSETCATALOG_COMPILER_GENERATE_SWIFT_ASSET_SYMBOL_EXTENSIONS = YES;
				CLANG_ANALYZER_NONNULL = YES;
				CLANG_ANALYZER_NUMBER_OBJECT_CONVERSION = YES_AGGRESSIVE;
				CLANG_CXX_LANGUAGE_STANDARD = "gnu++20";
				CLANG_ENABLE_MODULES = YES;
				CLANG_ENABLE_OBJC_ARC = YES;
				CLANG_ENABLE_OBJC_WEAK = YES;
				CLANG_WARN_BLOCK_CAPTURE_AUTORELEASING = YES;
				CLANG_WARN_BOOL_CONVERSION = YES;
				CLANG_WARN_COMMA = YES;
				CLANG_WARN_CONSTANT_CONVERSION = YES;
				CLANG_WARN_DEPRECATED_OBJC_IMPLEMENTATIONS = YES;
				CLANG_WARN_DIRECT_OBJC_ISA_USAGE = YES_ERROR;
				CLANG_WARN_DOCUMENTATION_COMMENTS = YES;
				CLANG_WARN_EMPTY_BODY = YES;
				CLANG_WARN_ENUM_CONVERSION = YES;
				CLANG_WARN_INFINITE_RECURSION = YES;
				CLANG_WARN_INT_CONVERSION = YES;
				CLANG_WARN_NON_LITERAL_NULL_CONVERSION = YES;
				CLANG_WARN_OBJC_IMPLICIT_RETAIN_SELF = YES;
				CLANG_WARN_OBJC_LITERAL_CONVERSION = YES;
				CLANG_WARN_OBJC_ROOT_CLASS = YES_ERROR;
				CLANG_WARN_QUOTED_INCLUDE_IN_FRAMEWORK_HEADER = YES;
				CLANG_WARN_RANGE_LOOP_ANALYSIS = YES;
				CLANG_WARN_STRICT_PROTOTYPES = YES;
				CLANG_WARN_SUSPICIOUS_MOVE = YES;
				CLANG_WARN_UNGUARDED_AVAILABILITY = YES_AGGRESSIVE;
				CLANG_WARN_UNREACHABLE_CODE = YES;
				CLANG_WARN__DUPLICATE_METHOD_MATCH = YES;
				COPY_PHASE_STRIP = NO;
				DEBUG_INFORMATION_FORMAT = dwarf;
				ENABLE_STRICT_OBJC_MSGSEND = YES;
				ENABLE_TESTABILITY = YES;
				ENABLE_USER_SCRIPT_SANDBOXING = YES;
				GCC_C_LANGUAGE_STANDARD = gnu17;
				GCC_DYNAMIC_NO_PIC = NO;
				GCC_NO_COMMON_BLOCKS = YES;
				GCC_OPTIMIZATION_LEVEL = 0;
				GCC_PREPROCESSOR_DEFINITIONS = (
					"DEBUG=1",
					"$(inherited)",
				);
				GCC_WARN_64_TO_32_BIT_CONVERSION = YES;
				GCC_WARN_ABOUT_RETURN_TYPE = YES_ERROR;
				GCC_WARN_UNDECLARED_SELECTOR = YES;
				GCC_WARN_UNINITIALIZED_AUTOS = YES_AGGRESSIVE;
				GCC_WARN_UNUSED_FUNCTION = YES;
				GCC_WARN_UNUSED_VARIABLE = YES;
				IPHONEOS_DEPLOYMENT_TARGET = 17.0;
				LOCALIZATION_PREFERS_STRING_CATALOGS = YES;
				MTL_ENABLE_DEBUG_INFO = INCLUDE_SOURCE;
				MTL_FAST_MATH = YES;
				ONLY_ACTIVE_ARCH = YES;
				SDKROOT = iphoneos;
				SWIFT_ACTIVE_COMPILATION_CONDITIONS = "DEBUG $(inherited)";
				SWIFT_OPTIMIZATION_LEVEL = "-Onone";
			};
			name = Debug;
		};
		F97E0A4A2BAB99EE0088AA3E /* Release */ = {
			isa = XCBuildConfiguration;
			buildSettings = {
				ALWAYS_SEARCH_USER_PATHS = NO;
				ASSETCATALOG_COMPILER_GENERATE_SWIFT_ASSET_SYMBOL_EXTENSIONS = YES;
				CLANG_ANALYZER_NONNULL = YES;
				CLANG_ANALYZER_NUMBER_OBJECT_CONVERSION = YES_AGGRESSIVE;
				CLANG_CXX_LANGUAGE_STANDARD = "gnu++20";
				CLANG_ENABLE_MODULES = YES;
				CLANG_ENABLE_OBJC_ARC = YES;
				CLANG_ENABLE_OBJC_WEAK = YES;
				CLANG_WARN_BLOCK_CAPTURE_AUTORELEASING = YES;
				CLANG_WARN_BOOL_CONVERSION = YES;
				CLANG_WARN_COMMA = YES;
				CLANG_WARN_CONSTANT_CONVERSION = YES;
				CLANG_WARN_DEPRECATED_OBJC_IMPLEMENTATIONS = YES;
				CLANG_WARN_DIRECT_OBJC_ISA_USAGE = YES_ERROR;
				CLANG_WARN_DOCUMENTATION_COMMENTS = YES;
				CLANG_WARN_EMPTY_BODY = YES;
				CLANG_WARN_ENUM_CONVERSION = YES;
				CLANG_WARN_INFINITE_RECURSION = YES;
				CLANG_WARN_INT_CONVERSION = YES;
				CLANG_WARN_NON_LITERAL_NULL_CONVERSION = YES;
				CLANG_WARN_OBJC_IMPLICIT_RETAIN_SELF = YES;
				CLANG_WARN_OBJC_LITERAL_CONVERSION = YES;
				CLANG_WARN_OBJC_ROOT_CLASS = YES_ERROR;
				CLANG_WARN_QUOTED_INCLUDE_IN_FRAMEWORK_HEADER = YES;
				CLANG_WARN_RANGE_LOOP_ANALYSIS = YES;
				CLANG_WARN_STRICT_PROTOTYPES = YES;
				CLANG_WARN_SUSPICIOUS_MOVE = YES;
				CLANG_WARN_UNGUARDED_AVAILABILITY = YES_AGGRESSIVE;
				CLANG_WARN_UNREACHABLE_CODE = YES;
				CLANG_WARN__DUPLICATE_METHOD_MATCH = YES;
				COPY_PHASE_STRIP = NO;
				DEBUG_INFORMATION_FORMAT = "dwarf-with-dsym";
				ENABLE_NS_ASSERTIONS = NO;
				ENABLE_STRICT_OBJC_MSGSEND = YES;
				ENABLE_USER_SCRIPT_SANDBOXING = YES;
				GCC_C_LANGUAGE_STANDARD = gnu17;
				GCC_NO_COMMON_BLOCKS = YES;
				GCC_WARN_64_TO_32_BIT_CONVERSION = YES;
				GCC_WARN_ABOUT_RETURN_TYPE = YES_ERROR;
				GCC_WARN_UNDECLARED_SELECTOR = YES;
				GCC_WARN_UNINITIALIZED_AUTOS = YES_AGGRESSIVE;
				GCC_WARN_UNUSED_FUNCTION = YES;
				GCC_WARN_UNUSED_VARIABLE = YES;
				IPHONEOS_DEPLOYMENT_TARGET = 17.0;
				LOCALIZATION_PREFERS_STRING_CATALOGS = YES;
				MTL_ENABLE_DEBUG_INFO = NO;
				MTL_FAST_MATH = YES;
				SDKROOT = iphoneos;
				SWIFT_COMPILATION_MODE = wholemodule;
				VALIDATE_PRODUCT = YES;
			};
			name = Release;
		};
		F97E0A4C2BAB99EE0088AA3E /* Debug */ = {
			isa = XCBuildConfiguration;
			buildSettings = {
				ASSETCATALOG_COMPILER_APPICON_NAME = AppIcon;
				ASSETCATALOG_COMPILER_GLOBAL_ACCENT_COLOR_NAME = AccentColor;
				CODE_SIGN_STYLE = Automatic;
				CURRENT_PROJECT_VERSION = 1;
				DEVELOPMENT_ASSET_PATHS = "\"Start/Preview Content\"";
				ENABLE_PREVIEWS = YES;
				GENERATE_INFOPLIST_FILE = YES;
				INFOPLIST_KEY_UIApplicationSceneManifest_Generation = YES;
				INFOPLIST_KEY_UIApplicationSupportsIndirectInputEvents = YES;
				INFOPLIST_KEY_UILaunchScreen_Generation = YES;
				INFOPLIST_KEY_UISupportedInterfaceOrientations_iPad = "UIInterfaceOrientationPortrait UIInterfaceOrientationPortraitUpsideDown UIInterfaceOrientationLandscapeLeft UIInterfaceOrientationLandscapeRight";
				INFOPLIST_KEY_UISupportedInterfaceOrientations_iPhone = "UIInterfaceOrientationPortrait UIInterfaceOrientationLandscapeLeft UIInterfaceOrientationLandscapeRight";
				LD_RUNPATH_SEARCH_PATHS = (
					"$(inherited)",
					"@executable_path/Frameworks",
				);
				MARKETING_VERSION = 1.0;
				PRODUCT_BUNDLE_IDENTIFIER = loris.Start;
				PRODUCT_NAME = "$(TARGET_NAME)";
				SWIFT_EMIT_LOC_STRINGS = YES;
				SWIFT_VERSION = 5.0;
				TARGETED_DEVICE_FAMILY = "1,2";
			};
			name = Debug;
		};
		F97E0A4D2BAB99EE0088AA3E /* Release */ = {
			isa = XCBuildConfiguration;
			buildSettings = {
				ASSETCATALOG_COMPILER_APPICON_NAME = AppIcon;
				ASSETCATALOG_COMPILER_GLOBAL_ACCENT_COLOR_NAME = AccentColor;
				CODE_SIGN_STYLE = Automatic;
				CURRENT_PROJECT_VERSION = 1;
				DEVELOPMENT_ASSET_PATHS = "\"Start/Preview Content\"";
				ENABLE_PREVIEWS = YES;
				GENERATE_INFOPLIST_FILE = YES;
				INFOPLIST_KEY_UIApplicationSceneManifest_Generation = YES;
				INFOPLIST_KEY_UIApplicationSupportsIndirectInputEvents = YES;
				INFOPLIST_KEY_UILaunchScreen_Generation = YES;
				INFOPLIST_KEY_UISupportedInterfaceOrientations_iPad = "UIInterfaceOrientationPortrait UIInterfaceOrientationPortraitUpsideDown UIInterfaceOrientationLandscapeLeft UIInterfaceOrientationLandscapeRight";
				INFOPLIST_KEY_UISupportedInterfaceOrientations_iPhone = "UIInterfaceOrientationPortrait UIInterfaceOrientationLandscapeLeft UIInterfaceOrientationLandscapeRight";
				LD_RUNPATH_SEARCH_PATHS = (
					"$(inherited)",
					"@executable_path/Frameworks",
				);
				MARKETING_VERSION = 1.0;
				PRODUCT_BUNDLE_IDENTIFIER = loris.Start;
				PRODUCT_NAME = "$(TARGET_NAME)";
				SWIFT_EMIT_LOC_STRINGS = YES;
				SWIFT_VERSION = 5.0;
				TARGETED_DEVICE_FAMILY = "1,2";
			};
			name = Release;
		};
		F97E0A4F2BAB99EE0088AA3E /* Debug */ = {
			isa = XCBuildConfiguration;
			buildSettings = {
				ALWAYS_EMBED_SWIFT_STANDARD_LIBRARIES = YES;
				BUNDLE_LOADER = "$(TEST_HOST)";
				CODE_SIGN_STYLE = Automatic;
				CURRENT_PROJECT_VERSION = 1;
				GENERATE_INFOPLIST_FILE = YES;
				IPHONEOS_DEPLOYMENT_TARGET = 17.0;
				MARKETING_VERSION = 1.0;
				PRODUCT_BUNDLE_IDENTIFIER = loris.StartTests;
				PRODUCT_NAME = "$(TARGET_NAME)";
				SWIFT_EMIT_LOC_STRINGS = NO;
				SWIFT_VERSION = 5.0;
				TARGETED_DEVICE_FAMILY = "1,2";
				TEST_HOST = "$(BUILT_PRODUCTS_DIR)/Start.app/$(BUNDLE_EXECUTABLE_FOLDER_PATH)/Start";
			};
			name = Debug;
		};
		F97E0A502BAB99EE0088AA3E /* Release */ = {
			isa = XCBuildConfiguration;
			buildSettings = {
				ALWAYS_EMBED_SWIFT_STANDARD_LIBRARIES = YES;
				BUNDLE_LOADER = "$(TEST_HOST)";
				CODE_SIGN_STYLE = Automatic;
				CURRENT_PROJECT_VERSION = 1;
				GENERATE_INFOPLIST_FILE = YES;
				IPHONEOS_DEPLOYMENT_TARGET = 17.0;
				MARKETING_VERSION = 1.0;
				PRODUCT_BUNDLE_IDENTIFIER = loris.StartTests;
				PRODUCT_NAME = "$(TARGET_NAME)";
				SWIFT_EMIT_LOC_STRINGS = NO;
				SWIFT_VERSION = 5.0;
				TARGETED_DEVICE_FAMILY = "1,2";
				TEST_HOST = "$(BUILT_PRODUCTS_DIR)/Start.app/$(BUNDLE_EXECUTABLE_FOLDER_PATH)/Start";
			};
			name = Release;
		};
		F97E0A522BAB99EE0088AA3E /* Debug */ = {
			isa = XCBuildConfiguration;
			buildSettings = {
				ALWAYS_EMBED_SWIFT_STANDARD_LIBRARIES = YES;
				CODE_SIGN_STYLE = Automatic;
				CURRENT_PROJECT_VERSION = 1;
				GENERATE_INFOPLIST_FILE = YES;
				MARKETING_VERSION = 1.0;
				PRODUCT_BUNDLE_IDENTIFIER = loris.StartUITests;
				PRODUCT_NAME = "$(TARGET_NAME)";
				SWIFT_EMIT_LOC_STRINGS = NO;
				SWIFT_VERSION = 5.0;
				TARGETED_DEVICE_FAMILY = "1,2";
				TEST_TARGET_NAME = Start;
			};
			name = Debug;
		};
		F97E0A532BAB99EE0088AA3E /* Release */ = {
			isa = XCBuildConfiguration;
			buildSettings = {
				ALWAYS_EMBED_SWIFT_STANDARD_LIBRARIES = YES;
				CODE_SIGN_STYLE = Automatic;
				CURRENT_PROJECT_VERSION = 1;
				GENERATE_INFOPLIST_FILE = YES;
				MARKETING_VERSION = 1.0;
				PRODUCT_BUNDLE_IDENTIFIER = loris.StartUITests;
				PRODUCT_NAME = "$(TARGET_NAME)";
				SWIFT_EMIT_LOC_STRINGS = NO;
				SWIFT_VERSION = 5.0;
				TARGETED_DEVICE_FAMILY = "1,2";
				TEST_TARGET_NAME = Start;
			};
			name = Release;
		};
/* End XCBuildConfiguration section */

/* Begin XCConfigurationList section */
		F97E0A202BAB99ED0088AA3E /* Build configuration list for PBXProject "Start" */ = {
			isa = XCConfigurationList;
			buildConfigurations = (
				F97E0A492BAB99EE0088AA3E /* Debug */,
				F97E0A4A2BAB99EE0088AA3E /* Release */,
			);
			defaultConfigurationIsVisible = 0;
			defaultConfigurationName = Release;
		};
		F97E0A4B2BAB99EE0088AA3E /* Build configuration list for PBXNativeTarget "Start" */ = {
			isa = XCConfigurationList;
			buildConfigurations = (
				F97E0A4C2BAB99EE0088AA3E /* Debug */,
				F97E0A4D2BAB99EE0088AA3E /* Release */,
			);
			defaultConfigurationIsVisible = 0;
			defaultConfigurationName = Release;
		};
		F97E0A4E2BAB99EE0088AA3E /* Build configuration list for PBXNativeTarget "StartTests" */ = {
			isa = XCConfigurationList;
			buildConfigurations = (
				F97E0A4F2BAB99EE0088AA3E /* Debug */,
				F97E0A502BAB99EE0088AA3E /* Release */,
			);
			defaultConfigurationIsVisible = 0;
			defaultConfigurationName = Release;
		};
		F97E0A512BAB99EE0088AA3E /* Build configuration list for PBXNativeTarget "StartUITests" */ = {
			isa = XCConfigurationList;
			buildConfigurations = (
				F97E0A522BAB99EE0088AA3E /* Debug */,
				F97E0A532BAB99EE0088AA3E /* Release */,
			);
			defaultConfigurationIsVisible = 0;
			defaultConfigurationName = Release;
		};
/* End XCConfigurationList section */
	};
	rootObject = F97E0A1D2BAB99ED0088AA3E /* Project object */;
}
